{
  "name": "subconscious-repo",
  "lockfileVersion": 3,
  "requires": true,
  "packages": {
    "": {
      "name": "subconscious-repo",
      "dependencies": {
        "subconscious-cli": "^0.3.0"
      }
    },
    "node_modules/subconscious-cli": {
      "version": "0.3.0",
      "resolved": "https://registry.npmjs.org/subconscious-cli/-/subconscious-cli-0.3.0.tgz",
      "integrity": "sha512-t56ATIuw8INY7wME0xp2JStQ/FY2Mg8CA3zquAkEkYOCy3VHgJbktlZzJXfg1KS7dz4GAv9uFXSOb2M2W17vcA==",
      "license": "MIT",
      "bin": {
        "subc": "bin/cli.js"
      },
      "engines": {
        "node": ">=18"
      }
    }
  }
}
